// !$*UTF8*$!
{
	archiveVersion = 1;
	classes = {
	};
	objectVersion = 46;
	objects = {

/* Begin PBXBuildFile section */
		1DE526F31AAFD77B00FD7852 /* main.m in Sources */ = {isa = PBXBuildFile; fileRef = 1DE526F21AAFD77B00FD7852 /* main.m */; };
		1DE526F61AAFD77B00FD7852 /* AppDelegate.m in Sources */ = {isa = PBXBuildFile; fileRef = 1DE526F51AAFD77B00FD7852 /* AppDelegate.m */; };
		1DE526F91AAFD77B00FD7852 /* ViewController.m in Sources */ = {isa = PBXBuildFile; fileRef = 1DE526F81AAFD77B00FD7852 /* ViewController.m */; };
		1DE526FC1AAFD77C00FD7852 /* Main.storyboard in Resources */ = {isa = PBXBuildFile; fileRef = 1DE526FA1AAFD77C00FD7852 /* Main.storyboard */; };
		1DE526FE1AAFD77C00FD7852 /* Images.xcassets in Resources */ = {isa = PBXBuildFile; fileRef = 1DE526FD1AAFD77C00FD7852 /* Images.xcassets */; };
		1DE527011AAFD77C00FD7852 /* LaunchScreen.xib in Resources */ = {isa = PBXBuildFile; fileRef = 1DE526FF1AAFD77C00FD7852 /* LaunchScreen.xib */; };
		1DE5270D1AAFD77C00FD7852 /* CocoaPodsTestTests.m in Sources */ = {isa = PBXBuildFile; fileRef = 1DE5270C1AAFD77C00FD7852 /* CocoaPodsTestTests.m */; };
		3FC3623A6B1B4164A351D1E0 /* libPods.a in Frameworks */ = {isa = PBXBuildFile; fileRef = E5D8D8EEB33D33FAB2CC2265 /* libPods.a */; };
/* End PBXBuildFile section */

/* Begin PBXContainerItemProxy section */
		1DE527071AAFD77C00FD7852 /* PBXContainerItemProxy */ = {
			isa = PBXContainerItemProxy;
			containerPortal = 1DE526E51AAFD77900FD7852 /* Project object */;
			proxyType = 1;
			remoteGlobalIDString = 1DE526EC1AAFD77900FD7852;
			remoteInfo = CocoaPodsTest;
		};
/* End PBXContainerItemProxy section */

/* Begin PBXFileReference section */
		1DE526ED1AAFD77900FD7852 /* CocoaPodsTest.app */ = {isa = PBXFileReference; explicitFileType = wrapper.application; includeInIndex = 0; path = CocoaPodsTest.app; sourceTree = BUILT_PRODUCTS_DIR; };
		1DE526F11AAFD77A00FD7852 /* Info.plist */ = {isa = PBXFileReference; lastKnownFileType = text.plist.xml; path = Info.plist; sourceTree = "<group>"; };
		1DE526F21AAFD77B00FD7852 /* main.m */ = {isa = PBXFileReference; lastKnownFileType = sourcecode.c.objc; path = main.m; sourceTree = "<group>"; };
		1DE526F41AAFD77B00FD7852 /* AppDelegate.h */ = {isa = PBXFileReference; lastKnownFileType = sourcecode.c.h; path = AppDelegate.h; sourceTree = "<group>"; };
		1DE526F51AAFD77B00FD7852 /* AppDelegate.m */ = {isa = PBXFileReference; lastKnownFileType = sourcecode.c.objc; path = AppDelegate.m; sourceTree = "<group>"; };
		1DE526F71AAFD77B00FD7852 /* ViewController.h */ = {isa = PBXFileReference; lastKnownFileType = sourcecode.c.h; path = ViewController.h; sourceTree = "<group>"; };
		1DE526F81AAFD77B00FD7852 /* ViewController.m */ = {isa = PBXFileReference; lastKnownFileType = sourcecode.c.objc; path = ViewController.m; sourceTree = "<group>"; };
		1DE526FB1AAFD77C00FD7852 /* Base */ = {isa = PBXFileReference; lastKnownFileType = file.storyboard; name = Base; path = Base.lproj/Main.storyboard; sourceTree = "<group>"; };
		1DE526FD1AAFD77C00FD7852 /* Images.xcassets */ = {isa = PBXFileReference; lastKnownFileType = folder.assetcatalog; path = Images.xcassets; sourceTree = "<group>"; };
		1DE527001AAFD77C00FD7852 /* Base */ = {isa = PBXFileReference; lastKnownFileType = file.xib; name = Base; path = Base.lproj/LaunchScreen.xib; sourceTree = "<group>"; };
		1DE527061AAFD77C00FD7852 /* CocoaPodsTestTests.xctest */ = {isa = PBXFileReference; explicitFileType = wrapper.cfbundle; includeInIndex = 0; path = CocoaPodsTestTests.xctest; sourceTree = BUILT_PRODUCTS_DIR; };
		1DE5270B1AAFD77C00FD7852 /* Info.plist */ = {isa = PBXFileReference; lastKnownFileType = text.plist.xml; path = Info.plist; sourceTree = "<group>"; };
		1DE5270C1AAFD77C00FD7852 /* CocoaPodsTestTests.m */ = {isa = PBXFileReference; lastKnownFileType = sourcecode.c.objc; path = CocoaPodsTestTests.m; sourceTree = "<group>"; };
		203DFAADBF01D7E65BAD49E2 /* Pods.release.xcconfig */ = {isa = PBXFileReference; includeInIndex = 1; lastKnownFileType = text.xcconfig; name = Pods.release.xcconfig; path = "Pods/Target Support Files/Pods/Pods.release.xcconfig"; sourceTree = "<group>"; };
		5BD4CBFFE565B6C8EA398AF6 /* Pods.debug.xcconfig */ = {isa = PBXFileReference; includeInIndex = 1; lastKnownFileType = text.xcconfig; name = Pods.debug.xcconfig; path = "Pods/Target Support Files/Pods/Pods.debug.xcconfig"; sourceTree = "<group>"; };
		E5D8D8EEB33D33FAB2CC2265 /* libPods.a */ = {isa = PBXFileReference; explicitFileType = archive.ar; includeInIndex = 0; path = libPods.a; sourceTree = BUILT_PRODUCTS_DIR; };
/* End PBXFileReference section */

/* Begin PBXFrameworksBuildPhase section */
		1DE526EA1AAFD77900FD7852 /* Frameworks */ = {
			isa = PBXFrameworksBuildPhase;
			buildActionMask = 2147483647;
			files = (
				3FC3623A6B1B4164A351D1E0 /* libPods.a in Frameworks */,
			);
			runOnlyForDeploymentPostprocessing = 0;
		};
		1DE527031AAFD77C00FD7852 /* Frameworks */ = {
			isa = PBXFrameworksBuildPhase;
			buildActionMask = 2147483647;
			files = (
			);
			runOnlyForDeploymentPostprocessing = 0;
		};
/* End PBXFrameworksBuildPhase section */

/* Begin PBXGroup section */
		1DE526E41AAFD77900FD7852 = {
			isa = PBXGroup;
			children = (
				1DE526EF1AAFD77A00FD7852 /* CocoaPodsTest */,
				1DE527091AAFD77C00FD7852 /* CocoaPodsTestTests */,
				1DE526EE1AAFD77900FD7852 /* Products */,
				628DEF9284A7B41CDA11F210 /* Pods */,
				221B8546AB3AC287F15CCA67 /* Frameworks */,
			);
			sourceTree = "<group>";
		};
		1DE526EE1AAFD77900FD7852 /* Products */ = {
			isa = PBXGroup;
			children = (
				1DE526ED1AAFD77900FD7852 /* CocoaPodsTest.app */,
				1DE527061AAFD77C00FD7852 /* CocoaPodsTestTests.xctest */,
			);
			name = Products;
			sourceTree = "<group>";
		};
		1DE526EF1AAFD77A00FD7852 /* CocoaPodsTest */ = {
			isa = PBXGroup;
			children = (
				1DE526F41AAFD77B00FD7852 /* AppDelegate.h */,
				1DE526F51AAFD77B00FD7852 /* AppDelegate.m */,
				1DE526F71AAFD77B00FD7852 /* ViewController.h */,
				1DE526F81AAFD77B00FD7852 /* ViewController.m */,
				1DE526FA1AAFD77C00FD7852 /* Main.storyboard */,
				1DE526FD1AAFD77C00FD7852 /* Images.xcassets */,
				1DE526FF1AAFD77C00FD7852 /* LaunchScreen.xib */,
				1DE526F01AAFD77A00FD7852 /* Supporting Files */,
			);
			path = CocoaPodsTest;
			sourceTree = "<group>";
		};
		1DE526F01AAFD77A00FD7852 /* Supporting Files */ = {
			isa = PBXGroup;
			children = (
				1DE526F11AAFD77A00FD7852 /* Info.plist */,
				1DE526F21AAFD77B00FD7852 /* main.m */,
			);
			name = "Supporting Files";
			sourceTree = "<group>";
		};
		1DE527091AAFD77C00FD7852 /* CocoaPodsTestTests */ = {
			isa = PBXGroup;
			children = (
				1DE5270C1AAFD77C00FD7852 /* CocoaPodsTestTests.m */,
				1DE5270A1AAFD77C00FD7852 /* Supporting Files */,
			);
			path = CocoaPodsTestTests;
			sourceTree = "<group>";
		};
		1DE5270A1AAFD77C00FD7852 /* Supporting Files */ = {
			isa = PBXGroup;
			children = (
				1DE5270B1AAFD77C00FD7852 /* Info.plist */,
			);
			name = "Supporting Files";
			sourceTree = "<group>";
		};
		221B8546AB3AC287F15CCA67 /* Frameworks */ = {
			isa = PBXGroup;
			children = (
				E5D8D8EEB33D33FAB2CC2265 /* libPods.a */,
			);
			name = Frameworks;
			sourceTree = "<group>";
		};
		628DEF9284A7B41CDA11F210 /* Pods */ = {
			isa = PBXGroup;
			children = (
				5BD4CBFFE565B6C8EA398AF6 /* Pods.debug.xcconfig */,
				203DFAADBF01D7E65BAD49E2 /* Pods.release.xcconfig */,
			);
			name = Pods;
			sourceTree = "<group>";
		};
/* End PBXGroup section */

/* Begin PBXNativeTarget section */
		1DE526EC1AAFD77900FD7852 /* CocoaPodsTest */ = {
			isa = PBXNativeTarget;
			buildConfigurationList = 1DE527101AAFD77C00FD7852 /* Build configuration list for PBXNativeTarget "CocoaPodsTest" */;
			buildPhases = (
				F7E53827A43909822187A34D /* Check Pods Manifest.lock */,
				1DE526E91AAFD77900FD7852 /* Sources */,
				1DE526EA1AAFD77900FD7852 /* Frameworks */,
				1DE526EB1AAFD77900FD7852 /* Resources */,
				7002BC63ADF88C9EDEA37F6E /* Copy Pods Resources */,
			);
			buildRules = (
			);
			dependencies = (
			);
			name = CocoaPodsTest;
			productName = CocoaPodsTest;
			productReference = 1DE526ED1AAFD77900FD7852 /* CocoaPodsTest.app */;
			productType = "com.apple.product-type.application";
		};
		1DE527051AAFD77C00FD7852 /* CocoaPodsTestTests */ = {
			isa = PBXNativeTarget;
			buildConfigurationList = 1DE527131AAFD77C00FD7852 /* Build configuration list for PBXNativeTarget "CocoaPodsTestTests" */;
			buildPhases = (
				1DE527021AAFD77C00FD7852 /* Sources */,
				1DE527031AAFD77C00FD7852 /* Frameworks */,
				1DE527041AAFD77C00FD7852 /* Resources */,
			);
			buildRules = (
			);
			dependencies = (
				1DE527081AAFD77C00FD7852 /* PBXTargetDependency */,
			);
			name = CocoaPodsTestTests;
			productName = CocoaPodsTestTests;
			productReference = 1DE527061AAFD77C00FD7852 /* CocoaPodsTestTests.xctest */;
			productType = "com.apple.product-type.bundle.unit-test";
		};
/* End PBXNativeTarget section */

/* Begin PBXProject section */
		1DE526E51AAFD77900FD7852 /* Project object */ = {
			isa = PBXProject;
			attributes = {
				LastUpgradeCheck = 0610;
				ORGANIZATIONNAME = hegf;
				TargetAttributes = {
					1DE526EC1AAFD77900FD7852 = {
						CreatedOnToolsVersion = 6.1.1;
					};
					1DE527051AAFD77C00FD7852 = {
						CreatedOnToolsVersion = 6.1.1;
						TestTargetID = 1DE526EC1AAFD77900FD7852;
					};
				};
			};
			buildConfigurationList = 1DE526E81AAFD77900FD7852 /* Build configuration list for PBXProject "CocoaPodsTest" */;
			compatibilityVersion = "Xcode 3.2";
			developmentRegion = English;
			hasScannedForEncodings = 0;
			knownRegions = (
				en,
				Base,
			);
			mainGroup = 1DE526E41AAFD77900FD7852;
			productRefGroup = 1DE526EE1AAFD77900FD7852 /* Products */;
			projectDirPath = "";
			projectRoot = "";
			targets = (
				1DE526EC1AAFD77900FD7852 /* CocoaPodsTest */,
				1DE527051AAFD77C00FD7852 /* CocoaPodsTestTests */,
			);
		};
/* End PBXProject section */

/* Begin PBXResourcesBuildPhase section */
		1DE526EB1AAFD77900FD7852 /* Resources */ = {
			isa = PBXResourcesBuildPhase;
			buildActionMask = 2147483647;
			files = (
				1DE526FC1AAFD77C00FD7852 /* Main.storyboard in Resources */,
				1DE527011AAFD77C00FD7852 /* LaunchScreen.xib in Resources */,
				1DE526FE1AAFD77C00FD7852 /* Images.xcassets in Resources */,
			);
			runOnlyForDeploymentPostprocessing = 0;
		};
		1DE527041AAFD77C00FD7852 /* Resources */ = {
			isa = PBXResourcesBuildPhase;
			buildActionMask = 2147483647;
			files = (
			);
			runOnlyForDeploymentPostprocessing = 0;
		};
/* End PBXResourcesBuildPhase section */

/* Begin PBXShellScriptBuildPhase section */
		7002BC63ADF88C9EDEA37F6E /* Copy Pods Resources */ = {
			isa = PBXShellScriptBuildPhase;
			buildActionMask = 2147483647;
			files = (
			);
			inputPaths = (
			);
			name = "Copy Pods Resources";
			outputPaths = (
			);
			runOnlyForDeploymentPostprocessing = 0;
			shellPath = /bin/sh;
			shellScript = "\"${SRCROOT}/Pods/Target Support Files/Pods/Pods-resources.sh\"\n";
			showEnvVarsInLog = 0;
		};
		F7E53827A43909822187A34D /* Check Pods Manifest.lock */ = {
			isa = PBXShellScriptBuildPhase;
			buildActionMask = 2147483647;
			files = (
			);
			inputPaths = (
			);
			name = "Check Pods Manifest.lock";
			outputPaths = (
			);
			runOnlyForDeploymentPostprocessing = 0;
			shellPath = /bin/sh;
			shellScript = "diff \"${PODS_ROOT}/../Podfile.lock\" \"${PODS_ROOT}/Manifest.lock\" > /dev/null\nif [[ $? != 0 ]] ; then\n    cat << EOM\nerror: The sandbox is not in sync with the Podfile.lock. Run 'pod install' or update your CocoaPods installation.\nEOM\n    exit 1\nfi\n";
			showEnvVarsInLog = 0;
		};
/* End PBXShellScriptBuildPhase section */

/* Begin PBXSourcesBuildPhase section */
		1DE526E91AAFD77900FD7852 /* Sources */ = {
			isa = PBXSourcesBuildPhase;
			buildActionMask = 2147483647;
			files = (
				1DE526F91AAFD77B00FD7852 /* ViewController.m in Sources */,
				1DE526F61AAFD77B00FD7852 /* AppDelegate.m in Sources */,
				1DE526F31AAFD77B00FD7852 /* main.m in Sources */,
			);
			runOnlyForDeploymentPostprocessing = 0;
		};
		1DE527021AAFD77C00FD7852 /* Sources */ = {
			isa = PBXSourcesBuildPhase;
			buildActionMask = 2147483647;
			files = (
				1DE5270D1AAFD77C00FD7852 /* CocoaPodsTestTests.m in Sources */,
			);
			runOnlyForDeploymentPostprocessing = 0;
		};
/* End PBXSourcesBuildPhase section */

/* Begin PBXTargetDependency section */
		1DE527081AAFD77C00FD7852 /* PBXTargetDependency */ = {
			isa = PBXTargetDependency;
			target = 1DE526EC1AAFD77900FD7852 /* CocoaPodsTest */;
			targetProxy = 1DE527071AAFD77C00FD7852 /* PBXContainerItemProxy */;
		};
/* End PBXTargetDependency section */

/* Begin PBXVariantGroup section */
		1DE526FA1AAFD77C00FD7852 /* Main.storyboard */ = {
			isa = PBXVariantGroup;
			children = (
				1DE526FB1AAFD77C00FD7852 /* Base */,
			);
			name = Main.storyboard;
			sourceTree = "<group>";
		};
		1DE526FF1AAFD77C00FD7852 /* LaunchScreen.xib */ = {
			isa = PBXVariantGroup;
			children = (
				1DE527001AAFD77C00FD7852 /* Base */,
			);
			name = LaunchScreen.xib;
			sourceTree = "<group>";
		};
/* End PBXVariantGroup section */

/* Begin XCBuildConfiguration section */
		1DE5270E1AAFD77C00FD7852 /* Debug */ = {
			isa = XCBuildConfiguration;
			buildSettings = {
				ALWAYS_SEARCH_USER_PATHS = NO;
				CLANG_CXX_LANGUAGE_STANDARD = "gnu++0x";
				CLANG_CXX_LIBRARY = "libc++";
				CLANG_ENABLE_MODULES = YES;
				CLANG_ENABLE_OBJC_ARC = YES;
				CLANG_WARN_BOOL_CONVERSION = YES;
				CLANG_WARN_CONSTANT_CONVERSION = YES;
				CLANG_WARN_DIRECT_OBJC_ISA_USAGE = YES_ERROR;
				CLANG_WARN_EMPTY_BODY = YES;
				CLANG_WARN_ENUM_CONVERSION = YES;
				CLANG_WARN_INT_CONVERSION = YES;
				CLANG_WARN_OBJC_ROOT_CLASS = YES_ERROR;
				CLANG_WARN_UNREACHABLE_CODE = YES;
				CLANG_WARN__DUPLICATE_METHOD_MATCH = YES;
				"CODE_SIGN_IDENTITY[sdk=iphoneos*]" = "iPhone Developer";
				COPY_PHASE_STRIP = NO;
				ENABLE_STRICT_OBJC_MSGSEND = YES;
				GCC_C_LANGUAGE_STANDARD = gnu99;
				GCC_DYNAMIC_NO_PIC = NO;
				GCC_OPTIMIZATION_LEVEL = 0;
				GCC_PREPROCESSOR_DEFINITIONS = (
					"DEBUG=1",
					"$(inherited)",
				);
				GCC_SYMBOLS_PRIVATE_EXTERN = NO;
				GCC_WARN_64_TO_32_BIT_CONVERSION = YES;
				GCC_WARN_ABOUT_RETURN_TYPE = YES_ERROR;
				GCC_WARN_UNDECLARED_SELECTOR = YES;
				GCC_WARN_UNINITIALIZED_AUTOS = YES_AGGRESSIVE;
				GCC_WARN_UNUSED_FUNCTION = YES;
				GCC_WARN_UNUSED_VARIABLE = YES;
				IPHONEOS_DEPLOYMENT_TARGET = 8.1;
				MTL_ENABLE_DEBUG_INFO = YES;
				ONLY_ACTIVE_ARCH = YES;
				SDKROOT = iphoneos;
				TARGETED_DEVICE_FAMILY = "1,2";
			};
			name = Debug;
		};
		1DE5270F1AAFD77C00FD7852 /* Release */ = {
			isa = XCBuildConfiguration;
			buildSettings = {
				ALWAYS_SEARCH_USER_PATHS = NO;
				CLANG_CXX_LANGUAGE_STANDARD = "gnu++0x";
				CLANG_CXX_LIBRARY = "libc++";
				CLANG_ENABLE_MODULES = YES;
				CLANG_ENABLE_OBJC_ARC = YES;
				CLANG_WARN_BOOL_CONVERSION = YES;
				CLANG_WARN_CONSTANT_CONVERSION = YES;
				CLANG_WARN_DIRECT_OBJC_ISA_USAGE = YES_ERROR;
				CLANG_WARN_EMPTY_BODY = YES;
				CLANG_WARN_ENUM_CONVERSION = YES;
				CLANG_WARN_INT_CONVERSION = YES;
				CLANG_WARN_OBJC_ROOT_CLASS = YES_ERROR;
				CLANG_WARN_UNREACHABLE_CODE = YES;
				CLANG_WARN__DUPLICATE_METHOD_MATCH = YES;
				"CODE_SIGN_IDENTITY[sdk=iphoneos*]" = "iPhone Developer";
				COPY_PHASE_STRIP = YES;
				ENABLE_NS_ASSERTIONS = NO;
				ENABLE_STRICT_OBJC_MSGSEND = YES;
				GCC_C_LANGUAGE_STANDARD = gnu99;
				GCC_WARN_64_TO_32_BIT_CONVERSION = YES;
				GCC_WARN_ABOUT_RETURN_TYPE = YES_ERROR;
				GCC_WARN_UNDECLARED_SELECTOR = YES;
				GCC_WARN_UNINITIALIZED_AUTOS = YES_AGGRESSIVE;
				GCC_WARN_UNUSED_FUNCTION = YES;
				GCC_WARN_UNUSED_VARIABLE = YES;
				IPHONEOS_DEPLOYMENT_TARGET = 8.1;
				MTL_ENABLE_DEBUG_INFO = NO;
				SDKROOT = iphoneos;
				TARGETED_DEVICE_FAMILY = "1,2";
				VALIDATE_PRODUCT = YES;
			};
			name = Release;
		};
		1DE527111AAFD77C00FD7852 /* Debug */ = {
			isa = XCBuildConfiguration;
			baseConfigurationReference = 5BD4CBFFE565B6C8EA398AF6 /* Pods.debug.xcconfig */;
			buildSettings = {
				ASSETCATALOG_COMPILER_APPICON_NAME = AppIcon;
				INFOPLIST_FILE = CocoaPodsTest/Info.plist;
				LD_RUNPATH_SEARCH_PATHS = "$(inherited) @executable_path/Frameworks";
				PRODUCT_NAME = "$(TARGET_NAME)";
			};
			name = Debug;
		};
		1DE527121AAFD77C00FD7852 /* Release */ = {
			isa = XCBuildConfiguration;
			baseConfigurationReference = 203DFAADBF01D7E65BAD49E2 /* Pods.release.xcconfig */;
			buildSettings = {
				ASSETCATALOG_COMPILER_APPICON_NAME = AppIcon;
				INFOPLIST_FILE = CocoaPodsTest/Info.plist;
				LD_RUNPATH_SEARCH_PATHS = "$(inherited) @executable_path/Frameworks";
				PRODUCT_NAME = "$(TARGET_NAME)";
			};
			name = Release;
		};
		1DE527141AAFD77C00FD7852 /* Debug */ = {
			isa = XCBuildConfiguration;
			buildSettings = {
				BUNDLE_LOADER = "$(TEST_HOST)";
				FRAMEWORK_SEARCH_PATHS = (
					"$(SDKROOT)/Developer/Library/Frameworks",
					"$(inherited)",
				);
				GCC_PREPROCESSOR_DEFINITIONS = (
					"DEBUG=1",
					"$(inherited)",
				);
				INFOPLIST_FILE = CocoaPodsTestTests/Info.plist;
				LD_RUNPATH_SEARCH_PATHS = "$(inherited) @executable_path/Frameworks @loader_path/Frameworks";
				PRODUCT_NAME = "$(TARGET_NAME)";
				TEST_HOST = "$(BUILT_PRODUCTS_DIR)/CocoaPodsTest.app/CocoaPodsTest";
			};
			name = Debug;
		};
		1DE527151AAFD77C00FD7852 /* Release */ = {
			isa = XCBuildConfiguration;
			buildSettings = {
				BUNDLE_LOADER = "$(TEST_HOST)";
				FRAMEWORK_SEARCH_PATHS = (
					"$(SDKROOT)/Developer/Library/Frameworks",
					"$(inherited)",
				);
				INFOPLIST_FILE = CocoaPodsTestTests/Info.plist;
				LD_RUNPATH_SEARCH_PATHS = "$(inherited) @executable_path/Frameworks @loader_path/Frameworks";
				PRODUCT_NAME = "$(TARGET_NAME)";
				TEST_HOST = "$(BUILT_PRODUCTS_DIR)/CocoaPodsTest.app/CocoaPodsTest";
			};
			name = Release;
		};
/* End XCBuildConfiguration section */

/* Begin XCConfigurationList section */
		1DE526E81AAFD77900FD7852 /* Build configuration list for PBXProject "CocoaPodsTest" */ = {
			isa = XCConfigurationList;
			buildConfigurations = (
				1DE5270E1AAFD77C00FD7852 /* Debug */,
				1DE5270F1AAFD77C00FD7852 /* Release */,
			);
			defaultConfigurationIsVisible = 0;
			defaultConfigurationName = Release;
		};
		1DE527101AAFD77C00FD7852 /* Build configuration list for PBXNativeTarget "CocoaPodsTest" */ = {
			isa = XCConfigurationList;
			buildConfigurations = (
				1DE527111AAFD77C00FD7852 /* Debug */,
				1DE527121AAFD77C00FD7852 /* Release */,
			);
			defaultConfigurationIsVisible = 0;
			defaultConfigurationName = Release;
		};
		1DE527131AAFD77C00FD7852 /* Build configuration list for PBXNativeTarget "CocoaPodsTestTests" */ = {
			isa = XCConfigurationList;
			buildConfigurations = (
				1DE527141AAFD77C00FD7852 /* Debug */,
				1DE527151AAFD77C00FD7852 /* Release */,
			);
			defaultConfigurationIsVisible = 0;
			defaultConfigurationName = Release;
		};
/* End XCConfigurationList section */
	};
	rootObject = 1DE526E51AAFD77900FD7852 /* Project object */;
}
